
Microsoft Visual Studio Solution File, Format Version 12.00
# Visual Studio Version 16
VisualStudioVersion = 16.0.29025.244
MinimumVisualStudioVersion = 10.0.40219.1
Project("{FAE04EC0-301F-11D3-BF4B-00C04F79EFBC}") = "SortNumbers", "BasicSuntaxMoreExrcises\SortNumbers.csproj", "{C89FA296-9EC9-45A6-BEE1-7A9F22542C6C}"
EndProject
Project("{FAE04EC0-301F-11D3-BF4B-00C04F79EFBC}") = "EnglishNameOfLastDigit", "EnglishNameOfLastDigit\EnglishNameOfLastDigit.csproj", "{7C75F2CB-744A-4212-B200-77A7C9E90CDC}"
EndProject
Project("{FAE04EC0-301F-11D3-BF4B-00C04F79EFBC}") = "GamingScore", "GamingScore\GamingScore.csproj", "{65DEB6DE-7338-416D-BE66-1C0D3789796E}"
EndProject
Project("{FAE04EC0-301F-11D3-BF4B-00C04F79EFBC}") = "ReverseString", "ReverseString\ReverseString.csproj", "{05C7B30A-5DF1-4B3A-BA39-5D3AC8F1FF5D}"
EndProject
Project("{FAE04EC0-301F-11D3-BF4B-00C04F79EFBC}") = "Messges", "Messges\Messges.csproj", "{C1AE9F61-27FF-4E19-8993-66E07DFB8FD7}"
EndProject
Global
	GlobalSection(SolutionConfigurationPlatforms) = preSolution
		Debug|Any CPU = Debug|Any CPU
		Release|Any CPU = Release|Any CPU
	EndGlobalSection
	GlobalSection(ProjectConfigurationPlatforms) = postSolution
		{C89FA296-9EC9-45A6-BEE1-7A9F22542C6C}.Debug|Any CPU.ActiveCfg = Debug|Any CPU
		{C89FA296-9EC9-45A6-BEE1-7A9F22542C6C}.Debug|Any CPU.Build.0 = Debug|Any CPU
		{C89FA296-9EC9-45A6-BEE1-7A9F22542C6C}.Release|Any CPU.ActiveCfg = Release|Any CPU
		{C89FA296-9EC9-45A6-BEE1-7A9F22542C6C}.Release|Any CPU.Build.0 = Release|Any CPU
		{7C75F2CB-744A-4212-B200-77A7C9E90CDC}.Debug|Any CPU.ActiveCfg = Debug|Any CPU
		{7C75F2CB-744A-4212-B200-77A7C9E90CDC}.Debug|Any CPU.Build.0 = Debug|Any CPU
		{7C75F2CB-744A-4212-B200-77A7C9E90CDC}.Release|Any CPU.ActiveCfg = Release|Any CPU
		{7C75F2CB-744A-4212-B200-77A7C9E90CDC}.Release|Any CPU.Build.0 = Release|Any CPU
		{65DEB6DE-7338-416D-BE66-1C0D3789796E}.Debug|Any CPU.ActiveCfg = Debug|Any CPU
		{65DEB6DE-7338-416D-BE66-1C0D3789796E}.Debug|Any CPU.Build.0 = Debug|Any CPU
		{65DEB6DE-7338-416D-BE66-1C0D3789796E}.Release|Any CPU.ActiveCfg = Release|Any CPU
		{65DEB6DE-7338-416D-BE66-1C0D3789796E}.Release|Any CPU.Build.0 = Release|Any CPU
		{05C7B30A-5DF1-4B3A-BA39-5D3AC8F1FF5D}.Debug|Any CPU.ActiveCfg = Debug|Any CPU
		{05C7B30A-5DF1-4B3A-BA39-5D3AC8F1FF5D}.Debug|Any CPU.Build.0 = Debug|Any CPU
		{05C7B30A-5DF1-4B3A-BA39-5D3AC8F1FF5D}.Release|Any CPU.ActiveCfg = Release|Any CPU
		{05C7B30A-5DF1-4B3A-BA39-5D3AC8F1FF5D}.Release|Any CPU.Build.0 = Release|Any CPU
		{C1AE9F61-27FF-4E19-8993-66E07DFB8FD7}.Debug|Any CPU.ActiveCfg = Debug|Any CPU
		{C1AE9F61-27FF-4E19-8993-66E07DFB8FD7}.Debug|Any CPU.Build.0 = Debug|Any CPU
		{C1AE9F61-27FF-4E19-8993-66E07DFB8FD7}.Release|Any CPU.ActiveCfg = Release|Any CPU
		{C1AE9F61-27FF-4E19-8993-66E07DFB8FD7}.Release|Any CPU.Build.0 = Release|Any CPU
	EndGlobalSection
	GlobalSection(SolutionProperties) = preSolution
		HideSolutionNode = FALSE
	EndGlobalSection
	GlobalSection(ExtensibilityGlobals) = postSolution
		SolutionGuid = {8D1F3DEE-DA34-4AE8-BFA3-08A48B03FC14}
	EndGlobalSection
EndGlobal
