
Microsoft Visual Studio Solution File, Format Version 12.00
# Visual Studio Version 16
VisualStudioVersion = 16.0.29025.244
MinimumVisualStudioVersion = 10.0.40219.1
Project("{FAE04EC0-301F-11D3-BF4B-00C04F79EFBC}") = "DayOfWeek", "Arrays - Lab\DayOfWeek.csproj", "{07D7A5AE-0176-48F0-9906-E561C77E88EE}"
EndProject
Project("{FAE04EC0-301F-11D3-BF4B-00C04F79EFBC}") = "PrintNumbersInRevesreOrder", "PrintNumbersInRevesreOrder\PrintNumbersInRevesreOrder.csproj", "{629723BA-1C10-47A9-B67F-63FBC6C4F27E}"
EndProject
Project("{FAE04EC0-301F-11D3-BF4B-00C04F79EFBC}") = "RoundingNumbers", "RoundingNumbers\RoundingNumbers.csproj", "{A80A6693-4565-4BAD-9B5E-92219A8F0846}"
EndProject
Project("{FAE04EC0-301F-11D3-BF4B-00C04F79EFBC}") = "ReverseArrayOfStrings", "ReverseArrayOfStrings\ReverseArrayOfStrings.csproj", "{68AA852A-C145-4B3A-8238-C59E8DB56AFC}"
EndProject
Project("{FAE04EC0-301F-11D3-BF4B-00C04F79EFBC}") = "SumEvenNumbers", "SumEvenNumbers\SumEvenNumbers.csproj", "{EB17003B-5D08-40B2-9546-6B29932A67CE}"
EndProject
Project("{FAE04EC0-301F-11D3-BF4B-00C04F79EFBC}") = "EvenOddSubtraction", "EvenOddSubtraction\EvenOddSubtraction.csproj", "{9C29FB8B-6A96-4467-BB74-C7E28B8701C7}"
EndProject
Project("{FAE04EC0-301F-11D3-BF4B-00C04F79EFBC}") = "EqualArrays", "EqualArrays\EqualArrays.csproj", "{BFE64C8E-90C7-4C00-97BB-0FEDC11B9861}"
EndProject
Project("{FAE04EC0-301F-11D3-BF4B-00C04F79EFBC}") = "KaminoFactory", "CondenseArrayIntoANumber\KaminoFactory.csproj", "{4E52F617-04E9-4EFC-BA81-F04AE76374C3}"
EndProject
Project("{FAE04EC0-301F-11D3-BF4B-00C04F79EFBC}") = "LadyBugs", "LadyBugs\LadyBugs.csproj", "{C76A2652-8098-468E-925C-1CB5F3046EB2}"
EndProject
Project("{FAE04EC0-301F-11D3-BF4B-00C04F79EFBC}") = "ConsoleApp1", "ConsoleApp1\ConsoleApp1.csproj", "{60E6EB35-7754-41AE-843B-C2CEB0272745}"
EndProject
Project("{FAE04EC0-301F-11D3-BF4B-00C04F79EFBC}") = "KaminoFactory2", "KaminoFactory2\KaminoFactory2.csproj", "{3E7D796E-0BF2-48E1-AE3A-893C4052B09C}"
EndProject
Global
	GlobalSection(SolutionConfigurationPlatforms) = preSolution
		Debug|Any CPU = Debug|Any CPU
		Release|Any CPU = Release|Any CPU
	EndGlobalSection
	GlobalSection(ProjectConfigurationPlatforms) = postSolution
		{07D7A5AE-0176-48F0-9906-E561C77E88EE}.Debug|Any CPU.ActiveCfg = Debug|Any CPU
		{07D7A5AE-0176-48F0-9906-E561C77E88EE}.Debug|Any CPU.Build.0 = Debug|Any CPU
		{07D7A5AE-0176-48F0-9906-E561C77E88EE}.Release|Any CPU.ActiveCfg = Release|Any CPU
		{07D7A5AE-0176-48F0-9906-E561C77E88EE}.Release|Any CPU.Build.0 = Release|Any CPU
		{629723BA-1C10-47A9-B67F-63FBC6C4F27E}.Debug|Any CPU.ActiveCfg = Debug|Any CPU
		{629723BA-1C10-47A9-B67F-63FBC6C4F27E}.Debug|Any CPU.Build.0 = Debug|Any CPU
		{629723BA-1C10-47A9-B67F-63FBC6C4F27E}.Release|Any CPU.ActiveCfg = Release|Any CPU
		{629723BA-1C10-47A9-B67F-63FBC6C4F27E}.Release|Any CPU.Build.0 = Release|Any CPU
		{A80A6693-4565-4BAD-9B5E-92219A8F0846}.Debug|Any CPU.ActiveCfg = Debug|Any CPU
		{A80A6693-4565-4BAD-9B5E-92219A8F0846}.Debug|Any CPU.Build.0 = Debug|Any CPU
		{A80A6693-4565-4BAD-9B5E-92219A8F0846}.Release|Any CPU.ActiveCfg = Release|Any CPU
		{A80A6693-4565-4BAD-9B5E-92219A8F0846}.Release|Any CPU.Build.0 = Release|Any CPU
		{68AA852A-C145-4B3A-8238-C59E8DB56AFC}.Debug|Any CPU.ActiveCfg = Debug|Any CPU
		{68AA852A-C145-4B3A-8238-C59E8DB56AFC}.Debug|Any CPU.Build.0 = Debug|Any CPU
		{68AA852A-C145-4B3A-8238-C59E8DB56AFC}.Release|Any CPU.ActiveCfg = Release|Any CPU
		{68AA852A-C145-4B3A-8238-C59E8DB56AFC}.Release|Any CPU.Build.0 = Release|Any CPU
		{EB17003B-5D08-40B2-9546-6B29932A67CE}.Debug|Any CPU.ActiveCfg = Debug|Any CPU
		{EB17003B-5D08-40B2-9546-6B29932A67CE}.Debug|Any CPU.Build.0 = Debug|Any CPU
		{EB17003B-5D08-40B2-9546-6B29932A67CE}.Release|Any CPU.ActiveCfg = Release|Any CPU
		{EB17003B-5D08-40B2-9546-6B29932A67CE}.Release|Any CPU.Build.0 = Release|Any CPU
		{9C29FB8B-6A96-4467-BB74-C7E28B8701C7}.Debug|Any CPU.ActiveCfg = Debug|Any CPU
		{9C29FB8B-6A96-4467-BB74-C7E28B8701C7}.Debug|Any CPU.Build.0 = Debug|Any CPU
		{9C29FB8B-6A96-4467-BB74-C7E28B8701C7}.Release|Any CPU.ActiveCfg = Release|Any CPU
		{9C29FB8B-6A96-4467-BB74-C7E28B8701C7}.Release|Any CPU.Build.0 = Release|Any CPU
		{BFE64C8E-90C7-4C00-97BB-0FEDC11B9861}.Debug|Any CPU.ActiveCfg = Debug|Any CPU
		{BFE64C8E-90C7-4C00-97BB-0FEDC11B9861}.Debug|Any CPU.Build.0 = Debug|Any CPU
		{BFE64C8E-90C7-4C00-97BB-0FEDC11B9861}.Release|Any CPU.ActiveCfg = Release|Any CPU
		{BFE64C8E-90C7-4C00-97BB-0FEDC11B9861}.Release|Any CPU.Build.0 = Release|Any CPU
		{4E52F617-04E9-4EFC-BA81-F04AE76374C3}.Debug|Any CPU.ActiveCfg = Debug|Any CPU
		{4E52F617-04E9-4EFC-BA81-F04AE76374C3}.Debug|Any CPU.Build.0 = Debug|Any CPU
		{4E52F617-04E9-4EFC-BA81-F04AE76374C3}.Release|Any CPU.ActiveCfg = Release|Any CPU
		{4E52F617-04E9-4EFC-BA81-F04AE76374C3}.Release|Any CPU.Build.0 = Release|Any CPU
		{C76A2652-8098-468E-925C-1CB5F3046EB2}.Debug|Any CPU.ActiveCfg = Debug|Any CPU
		{C76A2652-8098-468E-925C-1CB5F3046EB2}.Debug|Any CPU.Build.0 = Debug|Any CPU
		{C76A2652-8098-468E-925C-1CB5F3046EB2}.Release|Any CPU.ActiveCfg = Release|Any CPU
		{C76A2652-8098-468E-925C-1CB5F3046EB2}.Release|Any CPU.Build.0 = Release|Any CPU
		{60E6EB35-7754-41AE-843B-C2CEB0272745}.Debug|Any CPU.ActiveCfg = Debug|Any CPU
		{60E6EB35-7754-41AE-843B-C2CEB0272745}.Debug|Any CPU.Build.0 = Debug|Any CPU
		{60E6EB35-7754-41AE-843B-C2CEB0272745}.Release|Any CPU.ActiveCfg = Release|Any CPU
		{60E6EB35-7754-41AE-843B-C2CEB0272745}.Release|Any CPU.Build.0 = Release|Any CPU
		{3E7D796E-0BF2-48E1-AE3A-893C4052B09C}.Debug|Any CPU.ActiveCfg = Debug|Any CPU
		{3E7D796E-0BF2-48E1-AE3A-893C4052B09C}.Debug|Any CPU.Build.0 = Debug|Any CPU
		{3E7D796E-0BF2-48E1-AE3A-893C4052B09C}.Release|Any CPU.ActiveCfg = Release|Any CPU
		{3E7D796E-0BF2-48E1-AE3A-893C4052B09C}.Release|Any CPU.Build.0 = Release|Any CPU
	EndGlobalSection
	GlobalSection(SolutionProperties) = preSolution
		HideSolutionNode = FALSE
	EndGlobalSection
	GlobalSection(ExtensibilityGlobals) = postSolution
		SolutionGuid = {C2765632-002A-46B4-94BA-15A56833B26C}
	EndGlobalSection
EndGlobal
