
Microsoft Visual Studio Solution File, Format Version 12.00
# Visual Studio Version 16
VisualStudioVersion = 16.0.29728.190
MinimumVisualStudioVersion = 10.0.40219.1
Project("{FAE04EC0-301F-11D3-BF4B-00C04F79EFBC}") = "IteratorsAndComparators", "IteratorsAndComparators-Lab\IteratorsAndComparators.csproj", "{DBB5971F-74B6-4AB2-B7CA-43B9BAB7535F}"
EndProject
Global
	GlobalSection(SolutionConfigurationPlatforms) = preSolution
		Debug|Any CPU = Debug|Any CPU
		Release|Any CPU = Release|Any CPU
	EndGlobalSection
	GlobalSection(ProjectConfigurationPlatforms) = postSolution
		{DBB5971F-74B6-4AB2-B7CA-43B9BAB7535F}.Debug|Any CPU.ActiveCfg = Debug|Any CPU
		{DBB5971F-74B6-4AB2-B7CA-43B9BAB7535F}.Debug|Any CPU.Build.0 = Debug|Any CPU
		{DBB5971F-74B6-4AB2-B7CA-43B9BAB7535F}.Release|Any CPU.ActiveCfg = Release|Any CPU
		{DBB5971F-74B6-4AB2-B7CA-43B9BAB7535F}.Release|Any CPU.Build.0 = Release|Any CPU
	EndGlobalSection
	GlobalSection(SolutionProperties) = preSolution
		HideSolutionNode = FALSE
	EndGlobalSection
	GlobalSection(ExtensibilityGlobals) = postSolution
		SolutionGuid = {ADCD64EA-3DD8-408A-BD6A-1AC33A6969F7}
	EndGlobalSection
EndGlobal
