
Microsoft Visual Studio Solution File, Format Version 12.00
# Visual Studio Version 16
VisualStudioVersion = 16.0.29519.87
MinimumVisualStudioVersion = 10.0.40219.1
Project("{9A19103F-16F7-4668-BE54-9A1E7A4F7556}") = "P01StringManipulator", "Programming Fundamentals Final Exam - 03 August 2019 Group 1\P01StringManipulator.csproj", "{527FE1C7-7F35-4B01-8DBF-00B550C3794B}"
EndProject
Project("{9A19103F-16F7-4668-BE54-9A1E7A4F7556}") = "P02MessageDecrypter", "P02MessageDecrypter\P02MessageDecrypter.csproj", "{0A8AD3EA-8294-47C0-9253-6F982C95ABEB}"
EndProject
Project("{FAE04EC0-301F-11D3-BF4B-00C04F79EFBC}") = "P03MessagesManager", "P03MessagesManager\P03MessagesManager.csproj", "{D5F196C5-957B-42C5-86D6-52435EB22E6C}"
EndProject
Project("{FAE04EC0-301F-11D3-BF4B-00C04F79EFBC}") = "P04AnimaSanctuary", "P04AnimaSanctuary\P04AnimaSanctuary.csproj", "{441C7232-A81D-49A6-B9D7-9B279955D000}"
EndProject
Project("{FAE04EC0-301F-11D3-BF4B-00C04F79EFBC}") = "P05FeedTheAnimals", "P05FeedTheAnimals\P05FeedTheAnimals.csproj", "{64390BAF-552A-43F1-ADBE-9986069FA865}"
EndProject
Global
	GlobalSection(SolutionConfigurationPlatforms) = preSolution
		Debug|Any CPU = Debug|Any CPU
		Release|Any CPU = Release|Any CPU
	EndGlobalSection
	GlobalSection(ProjectConfigurationPlatforms) = postSolution
		{527FE1C7-7F35-4B01-8DBF-00B550C3794B}.Debug|Any CPU.ActiveCfg = Debug|Any CPU
		{527FE1C7-7F35-4B01-8DBF-00B550C3794B}.Debug|Any CPU.Build.0 = Debug|Any CPU
		{527FE1C7-7F35-4B01-8DBF-00B550C3794B}.Release|Any CPU.ActiveCfg = Release|Any CPU
		{527FE1C7-7F35-4B01-8DBF-00B550C3794B}.Release|Any CPU.Build.0 = Release|Any CPU
		{0A8AD3EA-8294-47C0-9253-6F982C95ABEB}.Debug|Any CPU.ActiveCfg = Debug|Any CPU
		{0A8AD3EA-8294-47C0-9253-6F982C95ABEB}.Debug|Any CPU.Build.0 = Debug|Any CPU
		{0A8AD3EA-8294-47C0-9253-6F982C95ABEB}.Release|Any CPU.ActiveCfg = Release|Any CPU
		{0A8AD3EA-8294-47C0-9253-6F982C95ABEB}.Release|Any CPU.Build.0 = Release|Any CPU
		{D5F196C5-957B-42C5-86D6-52435EB22E6C}.Debug|Any CPU.ActiveCfg = Debug|Any CPU
		{D5F196C5-957B-42C5-86D6-52435EB22E6C}.Debug|Any CPU.Build.0 = Debug|Any CPU
		{D5F196C5-957B-42C5-86D6-52435EB22E6C}.Release|Any CPU.ActiveCfg = Release|Any CPU
		{D5F196C5-957B-42C5-86D6-52435EB22E6C}.Release|Any CPU.Build.0 = Release|Any CPU
		{441C7232-A81D-49A6-B9D7-9B279955D000}.Debug|Any CPU.ActiveCfg = Debug|Any CPU
		{441C7232-A81D-49A6-B9D7-9B279955D000}.Debug|Any CPU.Build.0 = Debug|Any CPU
		{441C7232-A81D-49A6-B9D7-9B279955D000}.Release|Any CPU.ActiveCfg = Release|Any CPU
		{441C7232-A81D-49A6-B9D7-9B279955D000}.Release|Any CPU.Build.0 = Release|Any CPU
		{64390BAF-552A-43F1-ADBE-9986069FA865}.Debug|Any CPU.ActiveCfg = Debug|Any CPU
		{64390BAF-552A-43F1-ADBE-9986069FA865}.Debug|Any CPU.Build.0 = Debug|Any CPU
		{64390BAF-552A-43F1-ADBE-9986069FA865}.Release|Any CPU.ActiveCfg = Release|Any CPU
		{64390BAF-552A-43F1-ADBE-9986069FA865}.Release|Any CPU.Build.0 = Release|Any CPU
	EndGlobalSection
	GlobalSection(SolutionProperties) = preSolution
		HideSolutionNode = FALSE
	EndGlobalSection
	GlobalSection(ExtensibilityGlobals) = postSolution
		SolutionGuid = {67A19C82-CBDE-4FA3-B1CC-2ECF5B3FD3AC}
	EndGlobalSection
EndGlobal
