
Microsoft Visual Studio Solution File, Format Version 12.00
# Visual Studio Version 16
VisualStudioVersion = 16.0.29519.87
MinimumVisualStudioVersion = 10.0.40219.1
Project("{FAE04EC0-301F-11D3-BF4B-00C04F79EFBC}") = "test", "ПринципиНаПрограмирането\test.csproj", "{ADCF684B-2B48-46A7-A101-D7AB766DC284}"
EndProject
Global
	GlobalSection(SolutionConfigurationPlatforms) = preSolution
		Debug|Any CPU = Debug|Any CPU
		Release|Any CPU = Release|Any CPU
	EndGlobalSection
	GlobalSection(ProjectConfigurationPlatforms) = postSolution
		{ADCF684B-2B48-46A7-A101-D7AB766DC284}.Debug|Any CPU.ActiveCfg = Debug|Any CPU
		{ADCF684B-2B48-46A7-A101-D7AB766DC284}.Debug|Any CPU.Build.0 = Debug|Any CPU
		{ADCF684B-2B48-46A7-A101-D7AB766DC284}.Release|Any CPU.ActiveCfg = Release|Any CPU
		{ADCF684B-2B48-46A7-A101-D7AB766DC284}.Release|Any CPU.Build.0 = Release|Any CPU
	EndGlobalSection
	GlobalSection(SolutionProperties) = preSolution
		HideSolutionNode = FALSE
	EndGlobalSection
	GlobalSection(ExtensibilityGlobals) = postSolution
		SolutionGuid = {02CE06C0-8B17-4FE6-8628-61D3C262D8B4}
	EndGlobalSection
EndGlobal
