
Microsoft Visual Studio Solution File, Format Version 12.00
# Visual Studio Version 16
VisualStudioVersion = 16.0.28803.352
MinimumVisualStudioVersion = 10.0.40219.1
Project("{FAE04EC0-301F-11D3-BF4B-00C04F79EFBC}") = "areaTrapezoid", "simpleOpearations-moreExercises\areaTrapezoid.csproj", "{F2F6A185-28D1-4AA4-BD7D-22F3905C8C2A}"
EndProject
Project("{FAE04EC0-301F-11D3-BF4B-00C04F79EFBC}") = "areaTriangle", "areaTriangle\areaTriangle.csproj", "{DE5113F3-ABD2-453D-8EF2-71DE9AD82A81}"
EndProject
Project("{FAE04EC0-301F-11D3-BF4B-00C04F79EFBC}") = "celsiusFahrenheit", "celsius-Fahrenhait\celsiusFahrenheit.csproj", "{3E04C915-9E30-4A2D-9D92-F1E1F463807C}"
EndProject
Project("{FAE04EC0-301F-11D3-BF4B-00C04F79EFBC}") = "VegetableMarket", "VegetableMarket\VegetableMarket.csproj", "{3FE6DB23-5568-4423-AD16-2CA85A75D3AA}"
EndProject
Project("{FAE04EC0-301F-11D3-BF4B-00C04F79EFBC}") = "TrainingLab", "TrainingLab\TrainingLab.csproj", "{58F603FE-0B91-4A81-B0C4-40FE8F2EE1F3}"
EndProject
Project("{FAE04EC0-301F-11D3-BF4B-00C04F79EFBC}") = "Fishland", "Fishland\Fishland.csproj", "{1E507BC1-48A8-47DB-A5D6-6AB9B53AD1A1}"
EndProject
Project("{FAE04EC0-301F-11D3-BF4B-00C04F79EFBC}") = "HousePainting", "HousePainting\HousePainting.csproj", "{CC680D4A-13E0-4AA8-BFA4-EA02F643D686}"
EndProject
Project("{FAE04EC0-301F-11D3-BF4B-00C04F79EFBC}") = "WeatherForecast", "WeatherForecast\WeatherForecast.csproj", "{2F834E2D-8DBF-40E0-825E-6053AC542EF7}"
EndProject
Project("{FAE04EC0-301F-11D3-BF4B-00C04F79EFBC}") = "WeatherForecast2", "WeatherForecast2\WeatherForecast2.csproj", "{F18CE2AF-910B-493B-B7E1-1F9653129B54}"
EndProject
Global
	GlobalSection(SolutionConfigurationPlatforms) = preSolution
		Debug|Any CPU = Debug|Any CPU
		Release|Any CPU = Release|Any CPU
	EndGlobalSection
	GlobalSection(ProjectConfigurationPlatforms) = postSolution
		{F2F6A185-28D1-4AA4-BD7D-22F3905C8C2A}.Debug|Any CPU.ActiveCfg = Debug|Any CPU
		{F2F6A185-28D1-4AA4-BD7D-22F3905C8C2A}.Debug|Any CPU.Build.0 = Debug|Any CPU
		{F2F6A185-28D1-4AA4-BD7D-22F3905C8C2A}.Release|Any CPU.ActiveCfg = Release|Any CPU
		{F2F6A185-28D1-4AA4-BD7D-22F3905C8C2A}.Release|Any CPU.Build.0 = Release|Any CPU
		{DE5113F3-ABD2-453D-8EF2-71DE9AD82A81}.Debug|Any CPU.ActiveCfg = Debug|Any CPU
		{DE5113F3-ABD2-453D-8EF2-71DE9AD82A81}.Debug|Any CPU.Build.0 = Debug|Any CPU
		{DE5113F3-ABD2-453D-8EF2-71DE9AD82A81}.Release|Any CPU.ActiveCfg = Release|Any CPU
		{DE5113F3-ABD2-453D-8EF2-71DE9AD82A81}.Release|Any CPU.Build.0 = Release|Any CPU
		{3E04C915-9E30-4A2D-9D92-F1E1F463807C}.Debug|Any CPU.ActiveCfg = Debug|Any CPU
		{3E04C915-9E30-4A2D-9D92-F1E1F463807C}.Debug|Any CPU.Build.0 = Debug|Any CPU
		{3E04C915-9E30-4A2D-9D92-F1E1F463807C}.Release|Any CPU.ActiveCfg = Release|Any CPU
		{3E04C915-9E30-4A2D-9D92-F1E1F463807C}.Release|Any CPU.Build.0 = Release|Any CPU
		{3FE6DB23-5568-4423-AD16-2CA85A75D3AA}.Debug|Any CPU.ActiveCfg = Debug|Any CPU
		{3FE6DB23-5568-4423-AD16-2CA85A75D3AA}.Debug|Any CPU.Build.0 = Debug|Any CPU
		{3FE6DB23-5568-4423-AD16-2CA85A75D3AA}.Release|Any CPU.ActiveCfg = Release|Any CPU
		{3FE6DB23-5568-4423-AD16-2CA85A75D3AA}.Release|Any CPU.Build.0 = Release|Any CPU
		{58F603FE-0B91-4A81-B0C4-40FE8F2EE1F3}.Debug|Any CPU.ActiveCfg = Debug|Any CPU
		{58F603FE-0B91-4A81-B0C4-40FE8F2EE1F3}.Debug|Any CPU.Build.0 = Debug|Any CPU
		{58F603FE-0B91-4A81-B0C4-40FE8F2EE1F3}.Release|Any CPU.ActiveCfg = Release|Any CPU
		{58F603FE-0B91-4A81-B0C4-40FE8F2EE1F3}.Release|Any CPU.Build.0 = Release|Any CPU
		{1E507BC1-48A8-47DB-A5D6-6AB9B53AD1A1}.Debug|Any CPU.ActiveCfg = Debug|Any CPU
		{1E507BC1-48A8-47DB-A5D6-6AB9B53AD1A1}.Debug|Any CPU.Build.0 = Debug|Any CPU
		{1E507BC1-48A8-47DB-A5D6-6AB9B53AD1A1}.Release|Any CPU.ActiveCfg = Release|Any CPU
		{1E507BC1-48A8-47DB-A5D6-6AB9B53AD1A1}.Release|Any CPU.Build.0 = Release|Any CPU
		{CC680D4A-13E0-4AA8-BFA4-EA02F643D686}.Debug|Any CPU.ActiveCfg = Debug|Any CPU
		{CC680D4A-13E0-4AA8-BFA4-EA02F643D686}.Debug|Any CPU.Build.0 = Debug|Any CPU
		{CC680D4A-13E0-4AA8-BFA4-EA02F643D686}.Release|Any CPU.ActiveCfg = Release|Any CPU
		{CC680D4A-13E0-4AA8-BFA4-EA02F643D686}.Release|Any CPU.Build.0 = Release|Any CPU
		{2F834E2D-8DBF-40E0-825E-6053AC542EF7}.Debug|Any CPU.ActiveCfg = Debug|Any CPU
		{2F834E2D-8DBF-40E0-825E-6053AC542EF7}.Debug|Any CPU.Build.0 = Debug|Any CPU
		{2F834E2D-8DBF-40E0-825E-6053AC542EF7}.Release|Any CPU.ActiveCfg = Release|Any CPU
		{2F834E2D-8DBF-40E0-825E-6053AC542EF7}.Release|Any CPU.Build.0 = Release|Any CPU
		{F18CE2AF-910B-493B-B7E1-1F9653129B54}.Debug|Any CPU.ActiveCfg = Debug|Any CPU
		{F18CE2AF-910B-493B-B7E1-1F9653129B54}.Debug|Any CPU.Build.0 = Debug|Any CPU
		{F18CE2AF-910B-493B-B7E1-1F9653129B54}.Release|Any CPU.ActiveCfg = Release|Any CPU
		{F18CE2AF-910B-493B-B7E1-1F9653129B54}.Release|Any CPU.Build.0 = Release|Any CPU
	EndGlobalSection
	GlobalSection(SolutionProperties) = preSolution
		HideSolutionNode = FALSE
	EndGlobalSection
	GlobalSection(ExtensibilityGlobals) = postSolution
		SolutionGuid = {6D509B2F-454D-45DE-9F60-E2DE10155760}
	EndGlobalSection
EndGlobal
