
Microsoft Visual Studio Solution File, Format Version 12.00
# Visual Studio Version 16
VisualStudioVersion = 16.0.29728.190
MinimumVisualStudioVersion = 10.0.40219.1
Project("{FAE04EC0-301F-11D3-BF4B-00C04F79EFBC}") = "P01MathOperations", "Polymorphism-Lab\P01MathOperations.csproj", "{56654886-511D-4D50-A92A-75F5408BF1DD}"
EndProject
Project("{FAE04EC0-301F-11D3-BF4B-00C04F79EFBC}") = "P02Animals", "P02Animals\P02Animals.csproj", "{AE2A8723-6049-4CC9-9BB7-2E0438B575A9}"
EndProject
Project("{FAE04EC0-301F-11D3-BF4B-00C04F79EFBC}") = "P03Shapes", "P03Shapes\P03Shapes.csproj", "{06E70644-846B-4AA4-9315-864F84029F8A}"
EndProject
Project("{9A19103F-16F7-4668-BE54-9A1E7A4F7556}") = "Lab-P01Draw", "..\Interfaces-Exercise\Interfaces-Exercise\Lab-P01Draw.csproj", "{D71D7D8C-447B-480C-93DB-C0E15D1C89A9}"
EndProject
Global
	GlobalSection(SolutionConfigurationPlatforms) = preSolution
		Debug|Any CPU = Debug|Any CPU
		Release|Any CPU = Release|Any CPU
	EndGlobalSection
	GlobalSection(ProjectConfigurationPlatforms) = postSolution
		{56654886-511D-4D50-A92A-75F5408BF1DD}.Debug|Any CPU.ActiveCfg = Debug|Any CPU
		{56654886-511D-4D50-A92A-75F5408BF1DD}.Debug|Any CPU.Build.0 = Debug|Any CPU
		{56654886-511D-4D50-A92A-75F5408BF1DD}.Release|Any CPU.ActiveCfg = Release|Any CPU
		{56654886-511D-4D50-A92A-75F5408BF1DD}.Release|Any CPU.Build.0 = Release|Any CPU
		{AE2A8723-6049-4CC9-9BB7-2E0438B575A9}.Debug|Any CPU.ActiveCfg = Debug|Any CPU
		{AE2A8723-6049-4CC9-9BB7-2E0438B575A9}.Debug|Any CPU.Build.0 = Debug|Any CPU
		{AE2A8723-6049-4CC9-9BB7-2E0438B575A9}.Release|Any CPU.ActiveCfg = Release|Any CPU
		{AE2A8723-6049-4CC9-9BB7-2E0438B575A9}.Release|Any CPU.Build.0 = Release|Any CPU
		{06E70644-846B-4AA4-9315-864F84029F8A}.Debug|Any CPU.ActiveCfg = Debug|Any CPU
		{06E70644-846B-4AA4-9315-864F84029F8A}.Debug|Any CPU.Build.0 = Debug|Any CPU
		{06E70644-846B-4AA4-9315-864F84029F8A}.Release|Any CPU.ActiveCfg = Release|Any CPU
		{06E70644-846B-4AA4-9315-864F84029F8A}.Release|Any CPU.Build.0 = Release|Any CPU
		{D71D7D8C-447B-480C-93DB-C0E15D1C89A9}.Debug|Any CPU.ActiveCfg = Debug|Any CPU
		{D71D7D8C-447B-480C-93DB-C0E15D1C89A9}.Debug|Any CPU.Build.0 = Debug|Any CPU
		{D71D7D8C-447B-480C-93DB-C0E15D1C89A9}.Release|Any CPU.ActiveCfg = Release|Any CPU
		{D71D7D8C-447B-480C-93DB-C0E15D1C89A9}.Release|Any CPU.Build.0 = Release|Any CPU
	EndGlobalSection
	GlobalSection(SolutionProperties) = preSolution
		HideSolutionNode = FALSE
	EndGlobalSection
	GlobalSection(ExtensibilityGlobals) = postSolution
		SolutionGuid = {398A401A-C082-43EB-940E-B34037062F1A}
	EndGlobalSection
EndGlobal
