
Microsoft Visual Studio Solution File, Format Version 12.00
# Visual Studio Version 16
VisualStudioVersion = 16.0.29025.244
MinimumVisualStudioVersion = 10.0.40219.1
Project("{FAE04EC0-301F-11D3-BF4B-00C04F79EFBC}") = "DataTypesFinder", "DataTypes-MoreExercises\DataTypesFinder.csproj", "{E6C5AB54-1D43-475E-B1B5-A54F7CA3A399}"
EndProject
Project("{FAE04EC0-301F-11D3-BF4B-00C04F79EFBC}") = "DataFinder2.0", "DataFinder2.0\DataFinder2.0.csproj", "{C5F40BC1-6BDF-4126-87E5-B3722AD9EA35}"
EndProject
Project("{FAE04EC0-301F-11D3-BF4B-00C04F79EFBC}") = "FromLeftToTheRight", "FromLeftToTheRight\FromLeftToTheRight.csproj", "{B312A74D-E035-47C6-A1B6-36CC74EC6C5F}"
EndProject
Project("{FAE04EC0-301F-11D3-BF4B-00C04F79EFBC}") = "FloatingEquality", "FloatingEquality\FloatingEquality.csproj", "{44706C38-CF26-4E7A-AEB2-5773DE95BCFF}"
EndProject
Project("{FAE04EC0-301F-11D3-BF4B-00C04F79EFBC}") = "RefactoringPrimeChecker", "RefactoringPrimeChecker\RefactoringPrimeChecker.csproj", "{2FD82F8C-D711-44BC-A1E4-F82C761C5754}"
EndProject
Project("{FAE04EC0-301F-11D3-BF4B-00C04F79EFBC}") = "DecryptingMessage", "DecryptingMessage\DecryptingMessage.csproj", "{AFD96A96-901F-496C-B9D4-FCC2A9DB9F24}"
EndProject
Project("{FAE04EC0-301F-11D3-BF4B-00C04F79EFBC}") = "BalancedBrackets", "BalancedBrackets\BalancedBrackets.csproj", "{23EEC1FC-BD18-436F-ADDB-4908C566085C}"
EndProject
Global
	GlobalSection(SolutionConfigurationPlatforms) = preSolution
		Debug|Any CPU = Debug|Any CPU
		Release|Any CPU = Release|Any CPU
	EndGlobalSection
	GlobalSection(ProjectConfigurationPlatforms) = postSolution
		{E6C5AB54-1D43-475E-B1B5-A54F7CA3A399}.Debug|Any CPU.ActiveCfg = Debug|Any CPU
		{E6C5AB54-1D43-475E-B1B5-A54F7CA3A399}.Debug|Any CPU.Build.0 = Debug|Any CPU
		{E6C5AB54-1D43-475E-B1B5-A54F7CA3A399}.Release|Any CPU.ActiveCfg = Release|Any CPU
		{E6C5AB54-1D43-475E-B1B5-A54F7CA3A399}.Release|Any CPU.Build.0 = Release|Any CPU
		{C5F40BC1-6BDF-4126-87E5-B3722AD9EA35}.Debug|Any CPU.ActiveCfg = Debug|Any CPU
		{C5F40BC1-6BDF-4126-87E5-B3722AD9EA35}.Debug|Any CPU.Build.0 = Debug|Any CPU
		{C5F40BC1-6BDF-4126-87E5-B3722AD9EA35}.Release|Any CPU.ActiveCfg = Release|Any CPU
		{C5F40BC1-6BDF-4126-87E5-B3722AD9EA35}.Release|Any CPU.Build.0 = Release|Any CPU
		{B312A74D-E035-47C6-A1B6-36CC74EC6C5F}.Debug|Any CPU.ActiveCfg = Debug|Any CPU
		{B312A74D-E035-47C6-A1B6-36CC74EC6C5F}.Debug|Any CPU.Build.0 = Debug|Any CPU
		{B312A74D-E035-47C6-A1B6-36CC74EC6C5F}.Release|Any CPU.ActiveCfg = Release|Any CPU
		{B312A74D-E035-47C6-A1B6-36CC74EC6C5F}.Release|Any CPU.Build.0 = Release|Any CPU
		{44706C38-CF26-4E7A-AEB2-5773DE95BCFF}.Debug|Any CPU.ActiveCfg = Debug|Any CPU
		{44706C38-CF26-4E7A-AEB2-5773DE95BCFF}.Debug|Any CPU.Build.0 = Debug|Any CPU
		{44706C38-CF26-4E7A-AEB2-5773DE95BCFF}.Release|Any CPU.ActiveCfg = Release|Any CPU
		{44706C38-CF26-4E7A-AEB2-5773DE95BCFF}.Release|Any CPU.Build.0 = Release|Any CPU
		{2FD82F8C-D711-44BC-A1E4-F82C761C5754}.Debug|Any CPU.ActiveCfg = Debug|Any CPU
		{2FD82F8C-D711-44BC-A1E4-F82C761C5754}.Debug|Any CPU.Build.0 = Debug|Any CPU
		{2FD82F8C-D711-44BC-A1E4-F82C761C5754}.Release|Any CPU.ActiveCfg = Release|Any CPU
		{2FD82F8C-D711-44BC-A1E4-F82C761C5754}.Release|Any CPU.Build.0 = Release|Any CPU
		{AFD96A96-901F-496C-B9D4-FCC2A9DB9F24}.Debug|Any CPU.ActiveCfg = Debug|Any CPU
		{AFD96A96-901F-496C-B9D4-FCC2A9DB9F24}.Debug|Any CPU.Build.0 = Debug|Any CPU
		{AFD96A96-901F-496C-B9D4-FCC2A9DB9F24}.Release|Any CPU.ActiveCfg = Release|Any CPU
		{AFD96A96-901F-496C-B9D4-FCC2A9DB9F24}.Release|Any CPU.Build.0 = Release|Any CPU
		{23EEC1FC-BD18-436F-ADDB-4908C566085C}.Debug|Any CPU.ActiveCfg = Debug|Any CPU
		{23EEC1FC-BD18-436F-ADDB-4908C566085C}.Debug|Any CPU.Build.0 = Debug|Any CPU
		{23EEC1FC-BD18-436F-ADDB-4908C566085C}.Release|Any CPU.ActiveCfg = Release|Any CPU
		{23EEC1FC-BD18-436F-ADDB-4908C566085C}.Release|Any CPU.Build.0 = Release|Any CPU
	EndGlobalSection
	GlobalSection(SolutionProperties) = preSolution
		HideSolutionNode = FALSE
	EndGlobalSection
	GlobalSection(ExtensibilityGlobals) = postSolution
		SolutionGuid = {D0D06E64-1A80-4A27-94A0-CAB041232FB1}
	EndGlobalSection
EndGlobal
