
Microsoft Visual Studio Solution File, Format Version 12.00
# Visual Studio Version 16
VisualStudioVersion = 16.0.29728.190
MinimumVisualStudioVersion = 10.0.40219.1
Project("{9A19103F-16F7-4668-BE54-9A1E7A4F7556}") = "P01RhombusOfStars", "Abstraction-Lab\P01RhombusOfStars.csproj", "{CF3E7CC7-7D19-49B4-8F6E-E0C00DBB63F2}"
EndProject
Project("{9A19103F-16F7-4668-BE54-9A1E7A4F7556}") = "P02PointInRectangle", "P02PointInRectangle\P02PointInRectangle.csproj", "{49867FB6-4E0B-4D99-990B-B1067B6B6FE3}"
EndProject
Project("{9A19103F-16F7-4668-BE54-9A1E7A4F7556}") = "P03_StudentSystem", "P03StudentSystem\P03_StudentSystem\P03_StudentSystem.csproj", "{D116B798-D0A9-46B3-BE02-C75E47476985}"
EndProject
Project("{FAE04EC0-301F-11D3-BF4B-00C04F79EFBC}") = "P04HotelReservation", "P04HotelReservation\P04HotelReservation.csproj", "{B7FD1037-2A78-4DB8-BBBB-7627C9CDBD48}"
EndProject
Global
	GlobalSection(SolutionConfigurationPlatforms) = preSolution
		Debug|Any CPU = Debug|Any CPU
		Release|Any CPU = Release|Any CPU
	EndGlobalSection
	GlobalSection(ProjectConfigurationPlatforms) = postSolution
		{CF3E7CC7-7D19-49B4-8F6E-E0C00DBB63F2}.Debug|Any CPU.ActiveCfg = Debug|Any CPU
		{CF3E7CC7-7D19-49B4-8F6E-E0C00DBB63F2}.Debug|Any CPU.Build.0 = Debug|Any CPU
		{CF3E7CC7-7D19-49B4-8F6E-E0C00DBB63F2}.Release|Any CPU.ActiveCfg = Release|Any CPU
		{CF3E7CC7-7D19-49B4-8F6E-E0C00DBB63F2}.Release|Any CPU.Build.0 = Release|Any CPU
		{49867FB6-4E0B-4D99-990B-B1067B6B6FE3}.Debug|Any CPU.ActiveCfg = Debug|Any CPU
		{49867FB6-4E0B-4D99-990B-B1067B6B6FE3}.Debug|Any CPU.Build.0 = Debug|Any CPU
		{49867FB6-4E0B-4D99-990B-B1067B6B6FE3}.Release|Any CPU.ActiveCfg = Release|Any CPU
		{49867FB6-4E0B-4D99-990B-B1067B6B6FE3}.Release|Any CPU.Build.0 = Release|Any CPU
		{D116B798-D0A9-46B3-BE02-C75E47476985}.Debug|Any CPU.ActiveCfg = Debug|Any CPU
		{D116B798-D0A9-46B3-BE02-C75E47476985}.Debug|Any CPU.Build.0 = Debug|Any CPU
		{D116B798-D0A9-46B3-BE02-C75E47476985}.Release|Any CPU.ActiveCfg = Release|Any CPU
		{D116B798-D0A9-46B3-BE02-C75E47476985}.Release|Any CPU.Build.0 = Release|Any CPU
		{B7FD1037-2A78-4DB8-BBBB-7627C9CDBD48}.Debug|Any CPU.ActiveCfg = Debug|Any CPU
		{B7FD1037-2A78-4DB8-BBBB-7627C9CDBD48}.Debug|Any CPU.Build.0 = Debug|Any CPU
		{B7FD1037-2A78-4DB8-BBBB-7627C9CDBD48}.Release|Any CPU.ActiveCfg = Release|Any CPU
		{B7FD1037-2A78-4DB8-BBBB-7627C9CDBD48}.Release|Any CPU.Build.0 = Release|Any CPU
	EndGlobalSection
	GlobalSection(SolutionProperties) = preSolution
		HideSolutionNode = FALSE
	EndGlobalSection
	GlobalSection(ExtensibilityGlobals) = postSolution
		SolutionGuid = {38DBFB73-FAFE-4986-AAB9-B51AE496F64E}
	EndGlobalSection
EndGlobal
