
Microsoft Visual Studio Solution File, Format Version 12.00
# Visual Studio Version 16
VisualStudioVersion = 16.0.29020.237
MinimumVisualStudioVersion = 10.0.40219.1
Project("{FAE04EC0-301F-11D3-BF4B-00C04F79EFBC}") = "MatchTickets", "NestedConditionalStatements-MoreExercise\MatchTickets.csproj", "{9C39CF6B-AF0E-4F3F-8ECE-20F88F9F49FD}"
EndProject
Global
	GlobalSection(SolutionConfigurationPlatforms) = preSolution
		Debug|Any CPU = Debug|Any CPU
		Release|Any CPU = Release|Any CPU
	EndGlobalSection
	GlobalSection(ProjectConfigurationPlatforms) = postSolution
		{9C39CF6B-AF0E-4F3F-8ECE-20F88F9F49FD}.Debug|Any CPU.ActiveCfg = Debug|Any CPU
		{9C39CF6B-AF0E-4F3F-8ECE-20F88F9F49FD}.Debug|Any CPU.Build.0 = Debug|Any CPU
		{9C39CF6B-AF0E-4F3F-8ECE-20F88F9F49FD}.Release|Any CPU.ActiveCfg = Release|Any CPU
		{9C39CF6B-AF0E-4F3F-8ECE-20F88F9F49FD}.Release|Any CPU.Build.0 = Release|Any CPU
	EndGlobalSection
	GlobalSection(SolutionProperties) = preSolution
		HideSolutionNode = FALSE
	EndGlobalSection
	GlobalSection(ExtensibilityGlobals) = postSolution
		SolutionGuid = {0C549178-F60A-483B-A9D0-8EB7A522748A}
	EndGlobalSection
EndGlobal
