
Microsoft Visual Studio Solution File, Format Version 12.00
# Visual Studio Version 16
VisualStudioVersion = 16.0.29020.237
MinimumVisualStudioVersion = 10.0.40219.1
Project("{FAE04EC0-301F-11D3-BF4B-00C04F79EFBC}") = "DishWasher", "WhileLoop-MoreExercise\DishWasher.csproj", "{6F7D56A3-0956-461C-9A03-36596B4ABD06}"
EndProject
Project("{FAE04EC0-301F-11D3-BF4B-00C04F79EFBC}") = "ReportSystem", "ReoprtSystem\ReportSystem.csproj", "{7B692EC7-E7F9-4727-8B46-EC47C7FB010B}"
EndProject
Project("{FAE04EC0-301F-11D3-BF4B-00C04F79EFBC}") = "StreamOfLetters", "StreamOfLetters\StreamOfLetters.csproj", "{8FF1729A-60A0-4DC8-9877-989B4BB2E89A}"
EndProject
Project("{FAE04EC0-301F-11D3-BF4B-00C04F79EFBC}") = "Numbers1-100", "Numbers1-100\Numbers1-100.csproj", "{26F6C214-5A1F-4B13-87AE-34E8824A4070}"
EndProject
Project("{FAE04EC0-301F-11D3-BF4B-00C04F79EFBC}") = "Average", "Average\Average.csproj", "{D788B950-60AC-4993-85C7-4201C9FAC5D7}"
EndProject
Global
	GlobalSection(SolutionConfigurationPlatforms) = preSolution
		Debug|Any CPU = Debug|Any CPU
		Release|Any CPU = Release|Any CPU
	EndGlobalSection
	GlobalSection(ProjectConfigurationPlatforms) = postSolution
		{6F7D56A3-0956-461C-9A03-36596B4ABD06}.Debug|Any CPU.ActiveCfg = Debug|Any CPU
		{6F7D56A3-0956-461C-9A03-36596B4ABD06}.Debug|Any CPU.Build.0 = Debug|Any CPU
		{6F7D56A3-0956-461C-9A03-36596B4ABD06}.Release|Any CPU.ActiveCfg = Release|Any CPU
		{6F7D56A3-0956-461C-9A03-36596B4ABD06}.Release|Any CPU.Build.0 = Release|Any CPU
		{7B692EC7-E7F9-4727-8B46-EC47C7FB010B}.Debug|Any CPU.ActiveCfg = Debug|Any CPU
		{7B692EC7-E7F9-4727-8B46-EC47C7FB010B}.Debug|Any CPU.Build.0 = Debug|Any CPU
		{7B692EC7-E7F9-4727-8B46-EC47C7FB010B}.Release|Any CPU.ActiveCfg = Release|Any CPU
		{7B692EC7-E7F9-4727-8B46-EC47C7FB010B}.Release|Any CPU.Build.0 = Release|Any CPU
		{8FF1729A-60A0-4DC8-9877-989B4BB2E89A}.Debug|Any CPU.ActiveCfg = Debug|Any CPU
		{8FF1729A-60A0-4DC8-9877-989B4BB2E89A}.Debug|Any CPU.Build.0 = Debug|Any CPU
		{8FF1729A-60A0-4DC8-9877-989B4BB2E89A}.Release|Any CPU.ActiveCfg = Release|Any CPU
		{8FF1729A-60A0-4DC8-9877-989B4BB2E89A}.Release|Any CPU.Build.0 = Release|Any CPU
		{26F6C214-5A1F-4B13-87AE-34E8824A4070}.Debug|Any CPU.ActiveCfg = Debug|Any CPU
		{26F6C214-5A1F-4B13-87AE-34E8824A4070}.Debug|Any CPU.Build.0 = Debug|Any CPU
		{26F6C214-5A1F-4B13-87AE-34E8824A4070}.Release|Any CPU.ActiveCfg = Release|Any CPU
		{26F6C214-5A1F-4B13-87AE-34E8824A4070}.Release|Any CPU.Build.0 = Release|Any CPU
		{D788B950-60AC-4993-85C7-4201C9FAC5D7}.Debug|Any CPU.ActiveCfg = Debug|Any CPU
		{D788B950-60AC-4993-85C7-4201C9FAC5D7}.Debug|Any CPU.Build.0 = Debug|Any CPU
		{D788B950-60AC-4993-85C7-4201C9FAC5D7}.Release|Any CPU.ActiveCfg = Release|Any CPU
		{D788B950-60AC-4993-85C7-4201C9FAC5D7}.Release|Any CPU.Build.0 = Release|Any CPU
	EndGlobalSection
	GlobalSection(SolutionProperties) = preSolution
		HideSolutionNode = FALSE
	EndGlobalSection
	GlobalSection(ExtensibilityGlobals) = postSolution
		SolutionGuid = {0DF2EF77-6161-4C8B-BF76-B0550A540970}
	EndGlobalSection
EndGlobal
