
Microsoft Visual Studio Solution File, Format Version 12.00
# Visual Studio Version 16
VisualStudioVersion = 16.0.29728.190
MinimumVisualStudioVersion = 10.0.40219.1
Project("{FAE04EC0-301F-11D3-BF4B-00C04F79EFBC}") = "VirualPiano", "VirualPiano\VirualPiano.csproj", "{B4F9CAF2-9934-49FE-AF42-38CD6B22649F}"
EndProject
Global
	GlobalSection(SolutionConfigurationPlatforms) = preSolution
		Debug|Any CPU = Debug|Any CPU
		Release|Any CPU = Release|Any CPU
	EndGlobalSection
	GlobalSection(ProjectConfigurationPlatforms) = postSolution
		{B4F9CAF2-9934-49FE-AF42-38CD6B22649F}.Debug|Any CPU.ActiveCfg = Debug|Any CPU
		{B4F9CAF2-9934-49FE-AF42-38CD6B22649F}.Debug|Any CPU.Build.0 = Debug|Any CPU
		{B4F9CAF2-9934-49FE-AF42-38CD6B22649F}.Release|Any CPU.ActiveCfg = Release|Any CPU
		{B4F9CAF2-9934-49FE-AF42-38CD6B22649F}.Release|Any CPU.Build.0 = Release|Any CPU
	EndGlobalSection
	GlobalSection(SolutionProperties) = preSolution
		HideSolutionNode = FALSE
	EndGlobalSection
	GlobalSection(ExtensibilityGlobals) = postSolution
		SolutionGuid = {84053E30-104A-4A1A-97E6-40B0C92EE40D}
	EndGlobalSection
EndGlobal
