
Microsoft Visual Studio Solution File, Format Version 12.00
# Visual Studio Version 16
VisualStudioVersion = 16.0.29519.87
MinimumVisualStudioVersion = 10.0.40219.1
Project("{FAE04EC0-301F-11D3-BF4B-00C04F79EFBC}") = "P01SortEvenNumbers", "FunctionalProgramming-Lab\P01SortEvenNumbers.csproj", "{36348383-86F7-43F3-8B9A-0A82AD955153}"
EndProject
Project("{FAE04EC0-301F-11D3-BF4B-00C04F79EFBC}") = "P02SumNumbers", "P02SumNumbers\P02SumNumbers.csproj", "{76FC7404-64A9-47D2-9792-EC3C270C1738}"
EndProject
Project("{FAE04EC0-301F-11D3-BF4B-00C04F79EFBC}") = "P03CountUppercaseWords", "P03CountUppercaseWords\P03CountUppercaseWords.csproj", "{7F2A3BFF-6D28-4C4E-981C-673F995864C6}"
EndProject
Project("{FAE04EC0-301F-11D3-BF4B-00C04F79EFBC}") = "P04AddVAT", "P04AddVAT\P04AddVAT.csproj", "{293F1A65-4C4B-41F3-992D-1A5A16F15304}"
EndProject
Project("{FAE04EC0-301F-11D3-BF4B-00C04F79EFBC}") = "P05FilterByAge", "P05FilterByAge\P05FilterByAge.csproj", "{9308A2B1-14F1-4E53-B8F1-4DECAA9CB639}"
EndProject
Global
	GlobalSection(SolutionConfigurationPlatforms) = preSolution
		Debug|Any CPU = Debug|Any CPU
		Release|Any CPU = Release|Any CPU
	EndGlobalSection
	GlobalSection(ProjectConfigurationPlatforms) = postSolution
		{36348383-86F7-43F3-8B9A-0A82AD955153}.Debug|Any CPU.ActiveCfg = Debug|Any CPU
		{36348383-86F7-43F3-8B9A-0A82AD955153}.Debug|Any CPU.Build.0 = Debug|Any CPU
		{36348383-86F7-43F3-8B9A-0A82AD955153}.Release|Any CPU.ActiveCfg = Release|Any CPU
		{36348383-86F7-43F3-8B9A-0A82AD955153}.Release|Any CPU.Build.0 = Release|Any CPU
		{76FC7404-64A9-47D2-9792-EC3C270C1738}.Debug|Any CPU.ActiveCfg = Debug|Any CPU
		{76FC7404-64A9-47D2-9792-EC3C270C1738}.Debug|Any CPU.Build.0 = Debug|Any CPU
		{76FC7404-64A9-47D2-9792-EC3C270C1738}.Release|Any CPU.ActiveCfg = Release|Any CPU
		{76FC7404-64A9-47D2-9792-EC3C270C1738}.Release|Any CPU.Build.0 = Release|Any CPU
		{7F2A3BFF-6D28-4C4E-981C-673F995864C6}.Debug|Any CPU.ActiveCfg = Debug|Any CPU
		{7F2A3BFF-6D28-4C4E-981C-673F995864C6}.Debug|Any CPU.Build.0 = Debug|Any CPU
		{7F2A3BFF-6D28-4C4E-981C-673F995864C6}.Release|Any CPU.ActiveCfg = Release|Any CPU
		{7F2A3BFF-6D28-4C4E-981C-673F995864C6}.Release|Any CPU.Build.0 = Release|Any CPU
		{293F1A65-4C4B-41F3-992D-1A5A16F15304}.Debug|Any CPU.ActiveCfg = Debug|Any CPU
		{293F1A65-4C4B-41F3-992D-1A5A16F15304}.Debug|Any CPU.Build.0 = Debug|Any CPU
		{293F1A65-4C4B-41F3-992D-1A5A16F15304}.Release|Any CPU.ActiveCfg = Release|Any CPU
		{293F1A65-4C4B-41F3-992D-1A5A16F15304}.Release|Any CPU.Build.0 = Release|Any CPU
		{9308A2B1-14F1-4E53-B8F1-4DECAA9CB639}.Debug|Any CPU.ActiveCfg = Debug|Any CPU
		{9308A2B1-14F1-4E53-B8F1-4DECAA9CB639}.Debug|Any CPU.Build.0 = Debug|Any CPU
		{9308A2B1-14F1-4E53-B8F1-4DECAA9CB639}.Release|Any CPU.ActiveCfg = Release|Any CPU
		{9308A2B1-14F1-4E53-B8F1-4DECAA9CB639}.Release|Any CPU.Build.0 = Release|Any CPU
	EndGlobalSection
	GlobalSection(SolutionProperties) = preSolution
		HideSolutionNode = FALSE
	EndGlobalSection
	GlobalSection(ExtensibilityGlobals) = postSolution
		SolutionGuid = {3417DE6B-E8C1-4CB0-9C8A-AAA3DECE6B59}
	EndGlobalSection
EndGlobal
