
Microsoft Visual Studio Solution File, Format Version 12.00
# Visual Studio Version 16
VisualStudioVersion = 16.0.29025.244
MinimumVisualStudioVersion = 10.0.40219.1
Project("{FAE04EC0-301F-11D3-BF4B-00C04F79EFBC}") = "ConsoleApp2", "ConsoleApp2\ConsoleApp2.csproj", "{1BAF2A29-A1CD-43D9-BE16-DF9186C20577}"
EndProject
Global
	GlobalSection(SolutionConfigurationPlatforms) = preSolution
		Debug|Any CPU = Debug|Any CPU
		Release|Any CPU = Release|Any CPU
	EndGlobalSection
	GlobalSection(ProjectConfigurationPlatforms) = postSolution
		{1BAF2A29-A1CD-43D9-BE16-DF9186C20577}.Debug|Any CPU.ActiveCfg = Debug|Any CPU
		{1BAF2A29-A1CD-43D9-BE16-DF9186C20577}.Debug|Any CPU.Build.0 = Debug|Any CPU
		{1BAF2A29-A1CD-43D9-BE16-DF9186C20577}.Release|Any CPU.ActiveCfg = Release|Any CPU
		{1BAF2A29-A1CD-43D9-BE16-DF9186C20577}.Release|Any CPU.Build.0 = Release|Any CPU
	EndGlobalSection
	GlobalSection(SolutionProperties) = preSolution
		HideSolutionNode = FALSE
	EndGlobalSection
	GlobalSection(ExtensibilityGlobals) = postSolution
		SolutionGuid = {DEA35EE8-12AF-4D8B-B080-06FC7DA3A352}
	EndGlobalSection
EndGlobal
