
Microsoft Visual Studio Solution File, Format Version 12.00
# Visual Studio Version 16
VisualStudioVersion = 16.0.29519.87
MinimumVisualStudioVersion = 10.0.40219.1
Project("{FAE04EC0-301F-11D3-BF4B-00C04F79EFBC}") = "TicTacToe", "TicTacToe\TicTacToe.csproj", "{A83F2A43-6A71-40C3-82BC-4D3A250C13EF}"
EndProject
Global
	GlobalSection(SolutionConfigurationPlatforms) = preSolution
		Debug|Any CPU = Debug|Any CPU
		Release|Any CPU = Release|Any CPU
	EndGlobalSection
	GlobalSection(ProjectConfigurationPlatforms) = postSolution
		{A83F2A43-6A71-40C3-82BC-4D3A250C13EF}.Debug|Any CPU.ActiveCfg = Debug|Any CPU
		{A83F2A43-6A71-40C3-82BC-4D3A250C13EF}.Debug|Any CPU.Build.0 = Debug|Any CPU
		{A83F2A43-6A71-40C3-82BC-4D3A250C13EF}.Release|Any CPU.ActiveCfg = Release|Any CPU
		{A83F2A43-6A71-40C3-82BC-4D3A250C13EF}.Release|Any CPU.Build.0 = Release|Any CPU
	EndGlobalSection
	GlobalSection(SolutionProperties) = preSolution
		HideSolutionNode = FALSE
	EndGlobalSection
	GlobalSection(ExtensibilityGlobals) = postSolution
		SolutionGuid = {1D19C1F4-8030-4B12-946E-64691C36E636}
	EndGlobalSection
EndGlobal
