
Microsoft Visual Studio Solution File, Format Version 12.00
# Visual Studio Version 16
VisualStudioVersion = 16.0.29519.87
MinimumVisualStudioVersion = 10.0.40219.1
Project("{FAE04EC0-301F-11D3-BF4B-00C04F79EFBC}") = "P01VaporWinterSale", "Technology Fundamentals Retake Final Exam - 20 December 2018\P01VaporWinterSale.csproj", "{ACB851C4-6287-4D9C-864C-7A04AE528CF2}"
EndProject
Project("{FAE04EC0-301F-11D3-BF4B-00C04F79EFBC}") = "P02ActivationKeys", "P02ActivationKeys\P02ActivationKeys.csproj", "{62985DFD-B41A-42BC-82D5-18BAB81649BF}"
EndProject
Global
	GlobalSection(SolutionConfigurationPlatforms) = preSolution
		Debug|Any CPU = Debug|Any CPU
		Release|Any CPU = Release|Any CPU
	EndGlobalSection
	GlobalSection(ProjectConfigurationPlatforms) = postSolution
		{ACB851C4-6287-4D9C-864C-7A04AE528CF2}.Debug|Any CPU.ActiveCfg = Debug|Any CPU
		{ACB851C4-6287-4D9C-864C-7A04AE528CF2}.Debug|Any CPU.Build.0 = Debug|Any CPU
		{ACB851C4-6287-4D9C-864C-7A04AE528CF2}.Release|Any CPU.ActiveCfg = Release|Any CPU
		{ACB851C4-6287-4D9C-864C-7A04AE528CF2}.Release|Any CPU.Build.0 = Release|Any CPU
		{62985DFD-B41A-42BC-82D5-18BAB81649BF}.Debug|Any CPU.ActiveCfg = Debug|Any CPU
		{62985DFD-B41A-42BC-82D5-18BAB81649BF}.Debug|Any CPU.Build.0 = Debug|Any CPU
		{62985DFD-B41A-42BC-82D5-18BAB81649BF}.Release|Any CPU.ActiveCfg = Release|Any CPU
		{62985DFD-B41A-42BC-82D5-18BAB81649BF}.Release|Any CPU.Build.0 = Release|Any CPU
	EndGlobalSection
	GlobalSection(SolutionProperties) = preSolution
		HideSolutionNode = FALSE
	EndGlobalSection
	GlobalSection(ExtensibilityGlobals) = postSolution
		SolutionGuid = {32084724-CABA-4190-AA42-67D7F777704C}
	EndGlobalSection
EndGlobal
