
Microsoft Visual Studio Solution File, Format Version 12.00
# Visual Studio Version 16
VisualStudioVersion = 16.0.29025.244
MinimumVisualStudioVersion = 10.0.40219.1
Project("{FAE04EC0-301F-11D3-BF4B-00C04F79EFBC}") = "DataTypes", "Methods-MoreExercises\DataTypes.csproj", "{153551F9-317D-4EF6-883C-2E5821952B5D}"
EndProject
Project("{FAE04EC0-301F-11D3-BF4B-00C04F79EFBC}") = "CenterPoint", "CenterPoint\CenterPoint.csproj", "{6B4DB20B-575D-4616-8399-11066151EE0A}"
EndProject
Project("{FAE04EC0-301F-11D3-BF4B-00C04F79EFBC}") = "LongerLine", "LongerLine\LongerLine.csproj", "{1819BFAF-8AB0-4DEC-82A9-5FE037FF1C89}"
EndProject
Project("{FAE04EC0-301F-11D3-BF4B-00C04F79EFBC}") = "TribonacciSequnece", "TribonacciSequnece\TribonacciSequnece.csproj", "{C694C1AB-7926-4B31-8E5B-A52658919F92}"
EndProject
Project("{FAE04EC0-301F-11D3-BF4B-00C04F79EFBC}") = "MultiplicationSign", "MultiplicationSign\MultiplicationSign.csproj", "{0AB62E4E-2C37-4538-A547-B1C476EDD8ED}"
EndProject
Global
	GlobalSection(SolutionConfigurationPlatforms) = preSolution
		Debug|Any CPU = Debug|Any CPU
		Release|Any CPU = Release|Any CPU
	EndGlobalSection
	GlobalSection(ProjectConfigurationPlatforms) = postSolution
		{153551F9-317D-4EF6-883C-2E5821952B5D}.Debug|Any CPU.ActiveCfg = Debug|Any CPU
		{153551F9-317D-4EF6-883C-2E5821952B5D}.Debug|Any CPU.Build.0 = Debug|Any CPU
		{153551F9-317D-4EF6-883C-2E5821952B5D}.Release|Any CPU.ActiveCfg = Release|Any CPU
		{153551F9-317D-4EF6-883C-2E5821952B5D}.Release|Any CPU.Build.0 = Release|Any CPU
		{6B4DB20B-575D-4616-8399-11066151EE0A}.Debug|Any CPU.ActiveCfg = Debug|Any CPU
		{6B4DB20B-575D-4616-8399-11066151EE0A}.Debug|Any CPU.Build.0 = Debug|Any CPU
		{6B4DB20B-575D-4616-8399-11066151EE0A}.Release|Any CPU.ActiveCfg = Release|Any CPU
		{6B4DB20B-575D-4616-8399-11066151EE0A}.Release|Any CPU.Build.0 = Release|Any CPU
		{1819BFAF-8AB0-4DEC-82A9-5FE037FF1C89}.Debug|Any CPU.ActiveCfg = Debug|Any CPU
		{1819BFAF-8AB0-4DEC-82A9-5FE037FF1C89}.Debug|Any CPU.Build.0 = Debug|Any CPU
		{1819BFAF-8AB0-4DEC-82A9-5FE037FF1C89}.Release|Any CPU.ActiveCfg = Release|Any CPU
		{1819BFAF-8AB0-4DEC-82A9-5FE037FF1C89}.Release|Any CPU.Build.0 = Release|Any CPU
		{C694C1AB-7926-4B31-8E5B-A52658919F92}.Debug|Any CPU.ActiveCfg = Debug|Any CPU
		{C694C1AB-7926-4B31-8E5B-A52658919F92}.Debug|Any CPU.Build.0 = Debug|Any CPU
		{C694C1AB-7926-4B31-8E5B-A52658919F92}.Release|Any CPU.ActiveCfg = Release|Any CPU
		{C694C1AB-7926-4B31-8E5B-A52658919F92}.Release|Any CPU.Build.0 = Release|Any CPU
		{0AB62E4E-2C37-4538-A547-B1C476EDD8ED}.Debug|Any CPU.ActiveCfg = Debug|Any CPU
		{0AB62E4E-2C37-4538-A547-B1C476EDD8ED}.Debug|Any CPU.Build.0 = Debug|Any CPU
		{0AB62E4E-2C37-4538-A547-B1C476EDD8ED}.Release|Any CPU.ActiveCfg = Release|Any CPU
		{0AB62E4E-2C37-4538-A547-B1C476EDD8ED}.Release|Any CPU.Build.0 = Release|Any CPU
	EndGlobalSection
	GlobalSection(SolutionProperties) = preSolution
		HideSolutionNode = FALSE
	EndGlobalSection
	GlobalSection(ExtensibilityGlobals) = postSolution
		SolutionGuid = {E3B9759B-F573-4746-A4E1-B4D9178329C1}
	EndGlobalSection
EndGlobal
