
Microsoft Visual Studio Solution File, Format Version 12.00
# Visual Studio Version 16
VisualStudioVersion = 16.0.29503.13
MinimumVisualStudioVersion = 10.0.40219.1
Project("{FAE04EC0-301F-11D3-BF4B-00C04F79EFBC}") = "ForceBook", "ForceBook\ForceBook.csproj", "{38A19382-B59E-4E6C-86E4-4F9D3F79F2E6}"
EndProject
Project("{FAE04EC0-301F-11D3-BF4B-00C04F79EFBC}") = "SoftUniExamResults", "SoftUniExamResults\SoftUniExamResults.csproj", "{C7D7EED1-8E6B-4CAD-8A5F-A41DE9A5E9FC}"
EndProject
Project("{FAE04EC0-301F-11D3-BF4B-00C04F79EFBC}") = "2.0", "2.0\2.0.csproj", "{5EB034C1-6DCD-49F3-9718-2B246EA5B500}"
EndProject
Global
	GlobalSection(SolutionConfigurationPlatforms) = preSolution
		Debug|Any CPU = Debug|Any CPU
		Release|Any CPU = Release|Any CPU
	EndGlobalSection
	GlobalSection(ProjectConfigurationPlatforms) = postSolution
		{38A19382-B59E-4E6C-86E4-4F9D3F79F2E6}.Debug|Any CPU.ActiveCfg = Debug|Any CPU
		{38A19382-B59E-4E6C-86E4-4F9D3F79F2E6}.Debug|Any CPU.Build.0 = Debug|Any CPU
		{38A19382-B59E-4E6C-86E4-4F9D3F79F2E6}.Release|Any CPU.ActiveCfg = Release|Any CPU
		{38A19382-B59E-4E6C-86E4-4F9D3F79F2E6}.Release|Any CPU.Build.0 = Release|Any CPU
		{C7D7EED1-8E6B-4CAD-8A5F-A41DE9A5E9FC}.Debug|Any CPU.ActiveCfg = Debug|Any CPU
		{C7D7EED1-8E6B-4CAD-8A5F-A41DE9A5E9FC}.Debug|Any CPU.Build.0 = Debug|Any CPU
		{C7D7EED1-8E6B-4CAD-8A5F-A41DE9A5E9FC}.Release|Any CPU.ActiveCfg = Release|Any CPU
		{C7D7EED1-8E6B-4CAD-8A5F-A41DE9A5E9FC}.Release|Any CPU.Build.0 = Release|Any CPU
		{5EB034C1-6DCD-49F3-9718-2B246EA5B500}.Debug|Any CPU.ActiveCfg = Debug|Any CPU
		{5EB034C1-6DCD-49F3-9718-2B246EA5B500}.Debug|Any CPU.Build.0 = Debug|Any CPU
		{5EB034C1-6DCD-49F3-9718-2B246EA5B500}.Release|Any CPU.ActiveCfg = Release|Any CPU
		{5EB034C1-6DCD-49F3-9718-2B246EA5B500}.Release|Any CPU.Build.0 = Release|Any CPU
	EndGlobalSection
	GlobalSection(SolutionProperties) = preSolution
		HideSolutionNode = FALSE
	EndGlobalSection
	GlobalSection(ExtensibilityGlobals) = postSolution
		SolutionGuid = {1749E2AF-158F-4C70-93FC-1ED97F9E1E84}
	EndGlobalSection
EndGlobal
