
Microsoft Visual Studio Solution File, Format Version 12.00
# Visual Studio Version 16
VisualStudioVersion = 16.0.29728.190
MinimumVisualStudioVersion = 10.0.40219.1
Project("{9A19103F-16F7-4668-BE54-9A1E7A4F7556}") = "SudokuSolver", "SudokuSolver\SudokuSolver.csproj", "{C649C533-EC79-4956-AC29-CE7FA41585B6}"
EndProject
Project("{FAE04EC0-301F-11D3-BF4B-00C04F79EFBC}") = "SortingAlgorithms", "SortingAlgorithms\SortingAlgorithms.csproj", "{C9AF02CE-F8B8-4FFF-9DF4-172EA3316967}"
EndProject
Global
	GlobalSection(SolutionConfigurationPlatforms) = preSolution
		Debug|Any CPU = Debug|Any CPU
		Release|Any CPU = Release|Any CPU
	EndGlobalSection
	GlobalSection(ProjectConfigurationPlatforms) = postSolution
		{C649C533-EC79-4956-AC29-CE7FA41585B6}.Debug|Any CPU.ActiveCfg = Debug|Any CPU
		{C649C533-EC79-4956-AC29-CE7FA41585B6}.Debug|Any CPU.Build.0 = Debug|Any CPU
		{C649C533-EC79-4956-AC29-CE7FA41585B6}.Release|Any CPU.ActiveCfg = Release|Any CPU
		{C649C533-EC79-4956-AC29-CE7FA41585B6}.Release|Any CPU.Build.0 = Release|Any CPU
		{C9AF02CE-F8B8-4FFF-9DF4-172EA3316967}.Debug|Any CPU.ActiveCfg = Debug|Any CPU
		{C9AF02CE-F8B8-4FFF-9DF4-172EA3316967}.Debug|Any CPU.Build.0 = Debug|Any CPU
		{C9AF02CE-F8B8-4FFF-9DF4-172EA3316967}.Release|Any CPU.ActiveCfg = Release|Any CPU
		{C9AF02CE-F8B8-4FFF-9DF4-172EA3316967}.Release|Any CPU.Build.0 = Release|Any CPU
	EndGlobalSection
	GlobalSection(SolutionProperties) = preSolution
		HideSolutionNode = FALSE
	EndGlobalSection
	GlobalSection(ExtensibilityGlobals) = postSolution
		SolutionGuid = {415F73C2-78D4-41DD-A3A0-908969F149C6}
	EndGlobalSection
EndGlobal
