
Microsoft Visual Studio Solution File, Format Version 12.00
# Visual Studio Version 16
VisualStudioVersion = 16.0.29025.244
MinimumVisualStudioVersion = 10.0.40219.1
Project("{FAE04EC0-301F-11D3-BF4B-00C04F79EFBC}") = "ConsoleApp4", "ConsoleApp4\ConsoleApp4.csproj", "{BF900C07-5F6D-4B16-B35E-6567F77428E4}"
EndProject
Project("{FAE04EC0-301F-11D3-BF4B-00C04F79EFBC}") = "asdfghjk", "asdfghjk\asdfghjk.csproj", "{888AB06F-2F32-4ED7-B5B4-A1C1A87446FD}"
EndProject
Global
	GlobalSection(SolutionConfigurationPlatforms) = preSolution
		Debug|Any CPU = Debug|Any CPU
		Release|Any CPU = Release|Any CPU
	EndGlobalSection
	GlobalSection(ProjectConfigurationPlatforms) = postSolution
		{BF900C07-5F6D-4B16-B35E-6567F77428E4}.Debug|Any CPU.ActiveCfg = Debug|Any CPU
		{BF900C07-5F6D-4B16-B35E-6567F77428E4}.Debug|Any CPU.Build.0 = Debug|Any CPU
		{BF900C07-5F6D-4B16-B35E-6567F77428E4}.Release|Any CPU.ActiveCfg = Release|Any CPU
		{BF900C07-5F6D-4B16-B35E-6567F77428E4}.Release|Any CPU.Build.0 = Release|Any CPU
		{888AB06F-2F32-4ED7-B5B4-A1C1A87446FD}.Debug|Any CPU.ActiveCfg = Debug|Any CPU
		{888AB06F-2F32-4ED7-B5B4-A1C1A87446FD}.Debug|Any CPU.Build.0 = Debug|Any CPU
		{888AB06F-2F32-4ED7-B5B4-A1C1A87446FD}.Release|Any CPU.ActiveCfg = Release|Any CPU
		{888AB06F-2F32-4ED7-B5B4-A1C1A87446FD}.Release|Any CPU.Build.0 = Release|Any CPU
	EndGlobalSection
	GlobalSection(SolutionProperties) = preSolution
		HideSolutionNode = FALSE
	EndGlobalSection
	GlobalSection(ExtensibilityGlobals) = postSolution
		SolutionGuid = {6D817080-472A-4662-B249-29CD257059D3}
	EndGlobalSection
EndGlobal
