
Microsoft Visual Studio Solution File, Format Version 12.00
# Visual Studio Version 16
VisualStudioVersion = 16.0.29025.244
MinimumVisualStudioVersion = 10.0.40219.1
Project("{FAE04EC0-301F-11D3-BF4B-00C04F79EFBC}") = "Messaging", "Lists-MoreExercose\Messaging.csproj", "{3568C146-5CBF-4968-A212-D8E0F1D9363A}"
EndProject
Project("{FAE04EC0-301F-11D3-BF4B-00C04F79EFBC}") = "CarRace", "CarRace\CarRace.csproj", "{B946EECE-EB70-40E1-9E3B-467D65490A68}"
EndProject
Project("{FAE04EC0-301F-11D3-BF4B-00C04F79EFBC}") = "TakeRope", "TakeRope\TakeRope.csproj", "{315C8664-E3F4-4592-B5E4-FE039C7FA1C7}"
EndProject
Project("{FAE04EC0-301F-11D3-BF4B-00C04F79EFBC}") = "MixedLists", "MixedLists\MixedLists.csproj", "{E0BA44BE-41E8-4AA2-A36E-8CD9F5D72694}"
EndProject
Project("{FAE04EC0-301F-11D3-BF4B-00C04F79EFBC}") = "DrumSet", "DrumSet\DrumSet.csproj", "{A688BCF4-CE0B-42B5-B24C-BACB97413C2F}"
EndProject
Global
	GlobalSection(SolutionConfigurationPlatforms) = preSolution
		Debug|Any CPU = Debug|Any CPU
		Release|Any CPU = Release|Any CPU
	EndGlobalSection
	GlobalSection(ProjectConfigurationPlatforms) = postSolution
		{3568C146-5CBF-4968-A212-D8E0F1D9363A}.Debug|Any CPU.ActiveCfg = Debug|Any CPU
		{3568C146-5CBF-4968-A212-D8E0F1D9363A}.Debug|Any CPU.Build.0 = Debug|Any CPU
		{3568C146-5CBF-4968-A212-D8E0F1D9363A}.Release|Any CPU.ActiveCfg = Release|Any CPU
		{3568C146-5CBF-4968-A212-D8E0F1D9363A}.Release|Any CPU.Build.0 = Release|Any CPU
		{B946EECE-EB70-40E1-9E3B-467D65490A68}.Debug|Any CPU.ActiveCfg = Debug|Any CPU
		{B946EECE-EB70-40E1-9E3B-467D65490A68}.Debug|Any CPU.Build.0 = Debug|Any CPU
		{B946EECE-EB70-40E1-9E3B-467D65490A68}.Release|Any CPU.ActiveCfg = Release|Any CPU
		{B946EECE-EB70-40E1-9E3B-467D65490A68}.Release|Any CPU.Build.0 = Release|Any CPU
		{315C8664-E3F4-4592-B5E4-FE039C7FA1C7}.Debug|Any CPU.ActiveCfg = Debug|Any CPU
		{315C8664-E3F4-4592-B5E4-FE039C7FA1C7}.Debug|Any CPU.Build.0 = Debug|Any CPU
		{315C8664-E3F4-4592-B5E4-FE039C7FA1C7}.Release|Any CPU.ActiveCfg = Release|Any CPU
		{315C8664-E3F4-4592-B5E4-FE039C7FA1C7}.Release|Any CPU.Build.0 = Release|Any CPU
		{E0BA44BE-41E8-4AA2-A36E-8CD9F5D72694}.Debug|Any CPU.ActiveCfg = Debug|Any CPU
		{E0BA44BE-41E8-4AA2-A36E-8CD9F5D72694}.Debug|Any CPU.Build.0 = Debug|Any CPU
		{E0BA44BE-41E8-4AA2-A36E-8CD9F5D72694}.Release|Any CPU.ActiveCfg = Release|Any CPU
		{E0BA44BE-41E8-4AA2-A36E-8CD9F5D72694}.Release|Any CPU.Build.0 = Release|Any CPU
		{A688BCF4-CE0B-42B5-B24C-BACB97413C2F}.Debug|Any CPU.ActiveCfg = Debug|Any CPU
		{A688BCF4-CE0B-42B5-B24C-BACB97413C2F}.Debug|Any CPU.Build.0 = Debug|Any CPU
		{A688BCF4-CE0B-42B5-B24C-BACB97413C2F}.Release|Any CPU.ActiveCfg = Release|Any CPU
		{A688BCF4-CE0B-42B5-B24C-BACB97413C2F}.Release|Any CPU.Build.0 = Release|Any CPU
	EndGlobalSection
	GlobalSection(SolutionProperties) = preSolution
		HideSolutionNode = FALSE
	EndGlobalSection
	GlobalSection(ExtensibilityGlobals) = postSolution
		SolutionGuid = {0A3A6CD9-7950-498E-82DF-62C46FD969AE}
	EndGlobalSection
EndGlobal
