
Microsoft Visual Studio Solution File, Format Version 12.00
# Visual Studio Version 16
VisualStudioVersion = 16.0.29519.87
MinimumVisualStudioVersion = 10.0.40219.1
Project("{9A19103F-16F7-4668-BE54-9A1E7A4F7556}") = "P01BasicStackOperations", "StacksQueues-Exercise\P01BasicStackOperations.csproj", "{B6A27045-79FA-4C92-8C3B-4EB50FEC6256}"
EndProject
Project("{9A19103F-16F7-4668-BE54-9A1E7A4F7556}") = "P02BasicQueueOperations", "BasicQueueOperations\P02BasicQueueOperations.csproj", "{74DE9205-2E83-45A0-AF37-C7CDA7167778}"
EndProject
Project("{9A19103F-16F7-4668-BE54-9A1E7A4F7556}") = "P03MaxMinElement", "MaxMinElement\P03MaxMinElement.csproj", "{C4E7FFAB-0EBD-4D11-91E9-C906ABE6E9CF}"
EndProject
Project("{9A19103F-16F7-4668-BE54-9A1E7A4F7556}") = "P04FastFood", "FastFood\P04FastFood.csproj", "{612378D4-AFDD-416E-B94F-9F55F857B165}"
EndProject
Project("{9A19103F-16F7-4668-BE54-9A1E7A4F7556}") = "P05FashionBoutique", "FashionBoutique\P05FashionBoutique.csproj", "{297B104E-8202-48B5-A2AD-0BB8BC365511}"
EndProject
Project("{9A19103F-16F7-4668-BE54-9A1E7A4F7556}") = "P06SongsQueue", "P06SongsQueue\P06SongsQueue.csproj", "{E165C25A-FFBF-4AF4-B7F7-7EDC32BA56C9}"
EndProject
Project("{9A19103F-16F7-4668-BE54-9A1E7A4F7556}") = "P07TruckTour", "P07TruckTour\P07TruckTour.csproj", "{6E40036C-BE12-4B87-A9CA-5B2B7E121480}"
EndProject
Project("{9A19103F-16F7-4668-BE54-9A1E7A4F7556}") = "P08ParenthesisSequence", "P08ParenthesisSequence\P08ParenthesisSequence.csproj", "{FA1A3A95-742E-49EB-8F6C-AFD774DE73FD}"
EndProject
Project("{FAE04EC0-301F-11D3-BF4B-00C04F79EFBC}") = "P09TextEditor", "P09TextEditor\P09TextEditor.csproj", "{1112BA29-AFB4-44EE-9D9E-533CB1FE84D8}"
EndProject
Project("{FAE04EC0-301F-11D3-BF4B-00C04F79EFBC}") = "P10CrossRoads", "P10CrossRoads\P10CrossRoads.csproj", "{F75EAE91-DA58-4681-80DF-5B2BF2019488}"
EndProject
Project("{FAE04EC0-301F-11D3-BF4B-00C04F79EFBC}") = "P11KeyRevolver", "P11KeyRevolver\P11KeyRevolver.csproj", "{7518CF8E-E3E0-474B-B067-B391F1A5B0B1}"
EndProject
Project("{FAE04EC0-301F-11D3-BF4B-00C04F79EFBC}") = "P12CupsAndBottles", "P012CupsAndBottles\P12CupsAndBottles.csproj", "{504307E9-4513-4B67-9CCA-0C135A992A9B}"
EndProject
Global
	GlobalSection(SolutionConfigurationPlatforms) = preSolution
		Debug|Any CPU = Debug|Any CPU
		Release|Any CPU = Release|Any CPU
	EndGlobalSection
	GlobalSection(ProjectConfigurationPlatforms) = postSolution
		{B6A27045-79FA-4C92-8C3B-4EB50FEC6256}.Debug|Any CPU.ActiveCfg = Debug|Any CPU
		{B6A27045-79FA-4C92-8C3B-4EB50FEC6256}.Debug|Any CPU.Build.0 = Debug|Any CPU
		{B6A27045-79FA-4C92-8C3B-4EB50FEC6256}.Release|Any CPU.ActiveCfg = Release|Any CPU
		{B6A27045-79FA-4C92-8C3B-4EB50FEC6256}.Release|Any CPU.Build.0 = Release|Any CPU
		{74DE9205-2E83-45A0-AF37-C7CDA7167778}.Debug|Any CPU.ActiveCfg = Debug|Any CPU
		{74DE9205-2E83-45A0-AF37-C7CDA7167778}.Debug|Any CPU.Build.0 = Debug|Any CPU
		{74DE9205-2E83-45A0-AF37-C7CDA7167778}.Release|Any CPU.ActiveCfg = Release|Any CPU
		{74DE9205-2E83-45A0-AF37-C7CDA7167778}.Release|Any CPU.Build.0 = Release|Any CPU
		{C4E7FFAB-0EBD-4D11-91E9-C906ABE6E9CF}.Debug|Any CPU.ActiveCfg = Debug|Any CPU
		{C4E7FFAB-0EBD-4D11-91E9-C906ABE6E9CF}.Debug|Any CPU.Build.0 = Debug|Any CPU
		{C4E7FFAB-0EBD-4D11-91E9-C906ABE6E9CF}.Release|Any CPU.ActiveCfg = Release|Any CPU
		{C4E7FFAB-0EBD-4D11-91E9-C906ABE6E9CF}.Release|Any CPU.Build.0 = Release|Any CPU
		{612378D4-AFDD-416E-B94F-9F55F857B165}.Debug|Any CPU.ActiveCfg = Debug|Any CPU
		{612378D4-AFDD-416E-B94F-9F55F857B165}.Debug|Any CPU.Build.0 = Debug|Any CPU
		{612378D4-AFDD-416E-B94F-9F55F857B165}.Release|Any CPU.ActiveCfg = Release|Any CPU
		{612378D4-AFDD-416E-B94F-9F55F857B165}.Release|Any CPU.Build.0 = Release|Any CPU
		{297B104E-8202-48B5-A2AD-0BB8BC365511}.Debug|Any CPU.ActiveCfg = Debug|Any CPU
		{297B104E-8202-48B5-A2AD-0BB8BC365511}.Debug|Any CPU.Build.0 = Debug|Any CPU
		{297B104E-8202-48B5-A2AD-0BB8BC365511}.Release|Any CPU.ActiveCfg = Release|Any CPU
		{297B104E-8202-48B5-A2AD-0BB8BC365511}.Release|Any CPU.Build.0 = Release|Any CPU
		{E165C25A-FFBF-4AF4-B7F7-7EDC32BA56C9}.Debug|Any CPU.ActiveCfg = Debug|Any CPU
		{E165C25A-FFBF-4AF4-B7F7-7EDC32BA56C9}.Debug|Any CPU.Build.0 = Debug|Any CPU
		{E165C25A-FFBF-4AF4-B7F7-7EDC32BA56C9}.Release|Any CPU.ActiveCfg = Release|Any CPU
		{E165C25A-FFBF-4AF4-B7F7-7EDC32BA56C9}.Release|Any CPU.Build.0 = Release|Any CPU
		{6E40036C-BE12-4B87-A9CA-5B2B7E121480}.Debug|Any CPU.ActiveCfg = Debug|Any CPU
		{6E40036C-BE12-4B87-A9CA-5B2B7E121480}.Debug|Any CPU.Build.0 = Debug|Any CPU
		{6E40036C-BE12-4B87-A9CA-5B2B7E121480}.Release|Any CPU.ActiveCfg = Release|Any CPU
		{6E40036C-BE12-4B87-A9CA-5B2B7E121480}.Release|Any CPU.Build.0 = Release|Any CPU
		{FA1A3A95-742E-49EB-8F6C-AFD774DE73FD}.Debug|Any CPU.ActiveCfg = Debug|Any CPU
		{FA1A3A95-742E-49EB-8F6C-AFD774DE73FD}.Debug|Any CPU.Build.0 = Debug|Any CPU
		{FA1A3A95-742E-49EB-8F6C-AFD774DE73FD}.Release|Any CPU.ActiveCfg = Release|Any CPU
		{FA1A3A95-742E-49EB-8F6C-AFD774DE73FD}.Release|Any CPU.Build.0 = Release|Any CPU
		{1112BA29-AFB4-44EE-9D9E-533CB1FE84D8}.Debug|Any CPU.ActiveCfg = Debug|Any CPU
		{1112BA29-AFB4-44EE-9D9E-533CB1FE84D8}.Debug|Any CPU.Build.0 = Debug|Any CPU
		{1112BA29-AFB4-44EE-9D9E-533CB1FE84D8}.Release|Any CPU.ActiveCfg = Release|Any CPU
		{1112BA29-AFB4-44EE-9D9E-533CB1FE84D8}.Release|Any CPU.Build.0 = Release|Any CPU
		{F75EAE91-DA58-4681-80DF-5B2BF2019488}.Debug|Any CPU.ActiveCfg = Debug|Any CPU
		{F75EAE91-DA58-4681-80DF-5B2BF2019488}.Debug|Any CPU.Build.0 = Debug|Any CPU
		{F75EAE91-DA58-4681-80DF-5B2BF2019488}.Release|Any CPU.ActiveCfg = Release|Any CPU
		{F75EAE91-DA58-4681-80DF-5B2BF2019488}.Release|Any CPU.Build.0 = Release|Any CPU
		{7518CF8E-E3E0-474B-B067-B391F1A5B0B1}.Debug|Any CPU.ActiveCfg = Debug|Any CPU
		{7518CF8E-E3E0-474B-B067-B391F1A5B0B1}.Debug|Any CPU.Build.0 = Debug|Any CPU
		{7518CF8E-E3E0-474B-B067-B391F1A5B0B1}.Release|Any CPU.ActiveCfg = Release|Any CPU
		{7518CF8E-E3E0-474B-B067-B391F1A5B0B1}.Release|Any CPU.Build.0 = Release|Any CPU
		{504307E9-4513-4B67-9CCA-0C135A992A9B}.Debug|Any CPU.ActiveCfg = Debug|Any CPU
		{504307E9-4513-4B67-9CCA-0C135A992A9B}.Debug|Any CPU.Build.0 = Debug|Any CPU
		{504307E9-4513-4B67-9CCA-0C135A992A9B}.Release|Any CPU.ActiveCfg = Release|Any CPU
		{504307E9-4513-4B67-9CCA-0C135A992A9B}.Release|Any CPU.Build.0 = Release|Any CPU
	EndGlobalSection
	GlobalSection(SolutionProperties) = preSolution
		HideSolutionNode = FALSE
	EndGlobalSection
	GlobalSection(ExtensibilityGlobals) = postSolution
		SolutionGuid = {CA13CEEA-CBFF-4E90-B490-85D85767CB89}
	EndGlobalSection
EndGlobal
